// !$*UTF8*$!
{
	archiveVersion = 1;
	classes = {
	};
	objectVersion = 51;
	objects = {

/* Begin PBXBuildFile section */
		07F09A9D2A534179B42D8F929C66C934 /* Encryptor.swift in Sources */ = {isa = PBXBuildFile; fileRef = 0A6DF0FC8D1AB464897030DB2ECB80E2 /* Encryptor.swift */; };
		1950050FFC759BC85F5E7BDA24638662 /* EncryptedTypesTests.swift in Sources */ = {isa = PBXBuildFile; fileRef = CAAD1B2100BA746464FA9DD3936981E0 /* EncryptedTypesTests.swift */; };
		1BBB6FED29587E1141C23CD903976A37 /* Data+Extensions.swift in Sources */ = {isa = PBXBuildFile; fileRef = B9C2B991840F1BCCA0A76719472DC47D /* Data+Extensions.swift */; };
		265414CFD4F1E1BA05954D740B80F9A0 /* EncryptedString.swift in Sources */ = {isa = PBXBuildFile; fileRef = 8B2A82673C6D9102365E2F1756FE19A6 /* EncryptedString.swift */; };
		2CF6705C37615206EBF77F35ADAB5ACC /* Encrypted.swift in Sources */ = {isa = PBXBuildFile; fileRef = 6B736D7CAE114D8587634ECD5B426599 /* Encrypted.swift */; };
		3060A125855544B658A820BADF845EAE /* EncryptedData.swift in Sources */ = {isa = PBXBuildFile; fileRef = E31C4E434D1A1EE83023E531AA89815A /* EncryptedData.swift */; };
		32915D1497374C70EFD7AF842D22D97D /* EncryptedInt.swift in Sources */ = {isa = PBXBuildFile; fileRef = 386D9CE92AF416840D71B30A53910181 /* EncryptedInt.swift */; };
		38E89B78356C20313DD20A4410C7AABF /* ValueHolder.swift in Sources */ = {isa = PBXBuildFile; fileRef = 0236E7F12E7E51125E2D64F3DBA47245 /* ValueHolder.swift */; };
		3D113FD803D5CE93A73D4BDCAD5F274C /* EncryptedBool.swift in Sources */ = {isa = PBXBuildFile; fileRef = B614985305BD60794BD5E0689D8CFCF3 /* EncryptedBool.swift */; };
		65B36CF2CEFDBBF9FE06FE9CE3B94D31 /* EncryptedTypes.framework in Embed Frameworks */ = {isa = PBXBuildFile; fileRef = 3EA38F34E46CAA3759AE203A7D9494E7 /* EncryptedTypes.framework */; settings = {ATTRIBUTES = (CodeSignOnCopy, RemoveHeadersOnCopy, ); }; };
		74B657F0AD488DD78EA1A605D6589755 /* EncryptedTypesInternalTests.swift in Sources */ = {isa = PBXBuildFile; fileRef = 0168C5AA0B9CA1C3E9C3C94C3AD3B80E /* EncryptedTypesInternalTests.swift */; };
		DCDAEAE541DB10F67BDCCFDE82D558E3 /* EncryptedTypes.h in Headers */ = {isa = PBXBuildFile; fileRef = AD5F1B03BB5D8A27A5EA91B767D0E968 /* EncryptedTypes.h */; settings = {ATTRIBUTES = (Public, ); }; };
		F0EFA8BD24C4A6D3672FC00EF51B939E /* EncryptedTypes.framework in Frameworks */ = {isa = PBXBuildFile; fileRef = 3EA38F34E46CAA3759AE203A7D9494E7 /* EncryptedTypes.framework */; };
		F802F1DA863287AA2A97AB625C353405 /* Symmetric.swift in Sources */ = {isa = PBXBuildFile; fileRef = 3DB189C7E17CB12B334C32F09D90793C /* Symmetric.swift */; };
		F997F8298F2AAF7483EC89B6149ADC51 /* EncryptedDouble.swift in Sources */ = {isa = PBXBuildFile; fileRef = 004E7BC20BCA713B64F4E96721B21743 /* EncryptedDouble.swift */; };
/* End PBXBuildFile section */

/* Begin PBXContainerItemProxy section */
		5AF9B61B35679DC29D3AB44809C33E2D /* PBXContainerItemProxy */ = {
			isa = PBXContainerItemProxy;
			containerPortal = A2ACBCEF2D95E69E35D8806871BAC296 /* Project object */;
			proxyType = 1;
			remoteGlobalIDString = 867C4C5085F5B0F25DCA9C5A49F49003;
			remoteInfo = EncryptedTypes;
		};
/* End PBXContainerItemProxy section */

/* Begin PBXCopyFilesBuildPhase section */
		3963330CD47B056D4009EF552C65BA60 /* Embed Frameworks */ = {
			isa = PBXCopyFilesBuildPhase;
			buildActionMask = 2147483647;
			dstPath = "";
			dstSubfolderSpec = 10;
			files = (
				65B36CF2CEFDBBF9FE06FE9CE3B94D31 /* EncryptedTypes.framework in Embed Frameworks */,
			);
			name = "Embed Frameworks";
			runOnlyForDeploymentPostprocessing = 0;
		};
/* End PBXCopyFilesBuildPhase section */

/* Begin PBXFileReference section */
		004E7BC20BCA713B64F4E96721B21743 /* EncryptedDouble.swift */ = {isa = PBXFileReference; lastKnownFileType = sourcecode.swift; path = EncryptedDouble.swift; sourceTree = "<group>"; };
		0168C5AA0B9CA1C3E9C3C94C3AD3B80E /* EncryptedTypesInternalTests.swift */ = {isa = PBXFileReference; lastKnownFileType = sourcecode.swift; path = EncryptedTypesInternalTests.swift; sourceTree = "<group>"; };
		0236E7F12E7E51125E2D64F3DBA47245 /* ValueHolder.swift */ = {isa = PBXFileReference; lastKnownFileType = sourcecode.swift; path = ValueHolder.swift; sourceTree = "<group>"; };
		0A6DF0FC8D1AB464897030DB2ECB80E2 /* Encryptor.swift */ = {isa = PBXFileReference; lastKnownFileType = sourcecode.swift; path = Encryptor.swift; sourceTree = "<group>"; };
		386D9CE92AF416840D71B30A53910181 /* EncryptedInt.swift */ = {isa = PBXFileReference; lastKnownFileType = sourcecode.swift; path = EncryptedInt.swift; sourceTree = "<group>"; };
		3DB189C7E17CB12B334C32F09D90793C /* Symmetric.swift */ = {isa = PBXFileReference; lastKnownFileType = sourcecode.swift; path = Symmetric.swift; sourceTree = "<group>"; };
		3EA38F34E46CAA3759AE203A7D9494E7 /* EncryptedTypes.framework */ = {isa = PBXFileReference; explicitFileType = wrapper.framework; includeInIndex = 0; path = EncryptedTypes.framework; sourceTree = BUILT_PRODUCTS_DIR; };
		6B736D7CAE114D8587634ECD5B426599 /* Encrypted.swift */ = {isa = PBXFileReference; lastKnownFileType = sourcecode.swift; path = Encrypted.swift; sourceTree = "<group>"; };
		8B2A82673C6D9102365E2F1756FE19A6 /* EncryptedString.swift */ = {isa = PBXFileReference; lastKnownFileType = sourcecode.swift; path = EncryptedString.swift; sourceTree = "<group>"; };
		AD5F1B03BB5D8A27A5EA91B767D0E968 /* EncryptedTypes.h */ = {isa = PBXFileReference; lastKnownFileType = sourcecode.c.h; path = EncryptedTypes.h; sourceTree = "<group>"; };
		B614985305BD60794BD5E0689D8CFCF3 /* EncryptedBool.swift */ = {isa = PBXFileReference; lastKnownFileType = sourcecode.swift; path = EncryptedBool.swift; sourceTree = "<group>"; };
		B9C2B991840F1BCCA0A76719472DC47D /* Data+Extensions.swift */ = {isa = PBXFileReference; lastKnownFileType = sourcecode.swift; path = "Data+Extensions.swift"; sourceTree = "<group>"; };
		CAAD1B2100BA746464FA9DD3936981E0 /* EncryptedTypesTests.swift */ = {isa = PBXFileReference; lastKnownFileType = sourcecode.swift; path = EncryptedTypesTests.swift; sourceTree = "<group>"; };
		DD7DF9C51CB7D1DBF3E7C04B0D523611 /* Info.plist */ = {isa = PBXFileReference; lastKnownFileType = text.plist.xml; path = Info.plist; sourceTree = "<group>"; };
		E31C4E434D1A1EE83023E531AA89815A /* EncryptedData.swift */ = {isa = PBXFileReference; lastKnownFileType = sourcecode.swift; path = EncryptedData.swift; sourceTree = "<group>"; };
		EF16020A2C14EB873AD692281521D564 /* EncryptedTypesTests.xctest */ = {isa = PBXFileReference; includeInIndex = 0; lastKnownFileType = wrapper.cfbundle; path = EncryptedTypesTests.xctest; sourceTree = BUILT_PRODUCTS_DIR; };
		F607B0BA7050AFFE287D4DA9502A37F9 /* Info.plist */ = {isa = PBXFileReference; lastKnownFileType = text.plist.xml; path = Info.plist; sourceTree = "<group>"; };
/* End PBXFileReference section */

/* Begin PBXFrameworksBuildPhase section */
		7CB510E14C834FB3B263B5B448542431 /* Frameworks */ = {
			isa = PBXFrameworksBuildPhase;
			buildActionMask = 2147483647;
			files = (
				F0EFA8BD24C4A6D3672FC00EF51B939E /* EncryptedTypes.framework in Frameworks */,
			);
			runOnlyForDeploymentPostprocessing = 0;
		};
/* End PBXFrameworksBuildPhase section */

/* Begin PBXGroup section */
		4294420100E6B6460B4FBB09F91DF64B /* Products */ = {
			isa = PBXGroup;
			children = (
				3EA38F34E46CAA3759AE203A7D9494E7 /* EncryptedTypes.framework */,
				EF16020A2C14EB873AD692281521D564 /* EncryptedTypesTests.xctest */,
			);
			name = Products;
			sourceTree = "<group>";
		};
		4A34C4C8E6F72661DA243443248ADFDE /* FrameworkItems */ = {
			isa = PBXGroup;
			children = (
				AD5F1B03BB5D8A27A5EA91B767D0E968 /* EncryptedTypes.h */,
				DD7DF9C51CB7D1DBF3E7C04B0D523611 /* Info.plist */,
			);
			path = FrameworkItems;
			sourceTree = "<group>";
		};
		B6641924ED6EAB57AE4E163182599D19 = {
			isa = PBXGroup;
			children = (
				F494B73941A08BAAA08BA3CEF861F902 /* EncryptedTypes */,
				EF5A472FD9A43C5063BECE9D15FED2FF /* EncryptedTypesTests */,
				4294420100E6B6460B4FBB09F91DF64B /* Products */,
			);
			sourceTree = "<group>";
		};
		EF5A472FD9A43C5063BECE9D15FED2FF /* EncryptedTypesTests */ = {
			isa = PBXGroup;
			children = (
				0168C5AA0B9CA1C3E9C3C94C3AD3B80E /* EncryptedTypesInternalTests.swift */,
				CAAD1B2100BA746464FA9DD3936981E0 /* EncryptedTypesTests.swift */,
				F607B0BA7050AFFE287D4DA9502A37F9 /* Info.plist */,
			);
			path = EncryptedTypesTests;
			sourceTree = "<group>";
		};
		F494B73941A08BAAA08BA3CEF861F902 /* EncryptedTypes */ = {
			isa = PBXGroup;
			children = (
				B9C2B991840F1BCCA0A76719472DC47D /* Data+Extensions.swift */,
				6B736D7CAE114D8587634ECD5B426599 /* Encrypted.swift */,
				B614985305BD60794BD5E0689D8CFCF3 /* EncryptedBool.swift */,
				E31C4E434D1A1EE83023E531AA89815A /* EncryptedData.swift */,
				004E7BC20BCA713B64F4E96721B21743 /* EncryptedDouble.swift */,
				386D9CE92AF416840D71B30A53910181 /* EncryptedInt.swift */,
				8B2A82673C6D9102365E2F1756FE19A6 /* EncryptedString.swift */,
				0A6DF0FC8D1AB464897030DB2ECB80E2 /* Encryptor.swift */,
				3DB189C7E17CB12B334C32F09D90793C /* Symmetric.swift */,
				0236E7F12E7E51125E2D64F3DBA47245 /* ValueHolder.swift */,
				4A34C4C8E6F72661DA243443248ADFDE /* FrameworkItems */,
			);
			path = EncryptedTypes;
			sourceTree = "<group>";
		};
/* End PBXGroup section */

/* Begin PBXHeadersBuildPhase section */
		D88698A5068DE399382D2304EFCFBA49 /* Headers */ = {
			isa = PBXHeadersBuildPhase;
			buildActionMask = 2147483647;
			files = (
				DCDAEAE541DB10F67BDCCFDE82D558E3 /* EncryptedTypes.h in Headers */,
			);
			runOnlyForDeploymentPostprocessing = 0;
		};
/* End PBXHeadersBuildPhase section */

/* Begin PBXNativeTarget section */
		5C2280DEA61CDA99BDE7E390553949F2 /* EncryptedTypesTests */ = {
			isa = PBXNativeTarget;
			buildConfigurationList = 27C91E3B695EA9F9784B365F75E26233 /* Build configuration list for PBXNativeTarget "EncryptedTypesTests" */;
			buildPhases = (
				D79B084000F174A5123C08FF4A9B0A76 /* Sources */,
				7CB510E14C834FB3B263B5B448542431 /* Frameworks */,
				3963330CD47B056D4009EF552C65BA60 /* Embed Frameworks */,
			);
			buildRules = (
			);
			dependencies = (
				67BA516DF205B7AC133F975D7173D872 /* PBXTargetDependency */,
			);
			name = EncryptedTypesTests;
			productName = EncryptedTypesTests;
			productReference = EF16020A2C14EB873AD692281521D564 /* EncryptedTypesTests.xctest */;
			productType = "com.apple.product-type.bundle.unit-test";
		};
		867C4C5085F5B0F25DCA9C5A49F49003 /* EncryptedTypes */ = {
			isa = PBXNativeTarget;
			buildConfigurationList = B09FBA443DE897774BA5D5DCFC30C2F8 /* Build configuration list for PBXNativeTarget "EncryptedTypes" */;
			buildPhases = (
				D88698A5068DE399382D2304EFCFBA49 /* Headers */,
				D491BD1D866AD8712C6B95B44E438D96 /* Sources */,
				12EBEF343B61771519000CE3ED37130F /* SwiftLint */,
			);
			buildRules = (
			);
			dependencies = (
			);
			name = EncryptedTypes;
			productName = EncryptedTypes;
			productReference = 3EA38F34E46CAA3759AE203A7D9494E7 /* EncryptedTypes.framework */;
			productType = "com.apple.product-type.framework";
		};
/* End PBXNativeTarget section */

/* Begin PBXProject section */
		A2ACBCEF2D95E69E35D8806871BAC296 /* Project object */ = {
			isa = PBXProject;
			attributes = {
				LastUpgradeCheck = 1020;
			};
			buildConfigurationList = 548CF64B6E4C848EE9FC1EB7BC651129 /* Build configuration list for PBXProject "EncryptedTypes" */;
			compatibilityVersion = "Xcode 9.3";
			developmentRegion = en;
			hasScannedForEncodings = 0;
			knownRegions = (
				en,
			);
			mainGroup = B6641924ED6EAB57AE4E163182599D19;
			projectDirPath = "";
			projectRoot = "";
			targets = (
				867C4C5085F5B0F25DCA9C5A49F49003 /* EncryptedTypes */,
				5C2280DEA61CDA99BDE7E390553949F2 /* EncryptedTypesTests */,
			);
		};
/* End PBXProject section */

/* Begin PBXShellScriptBuildPhase section */
		12EBEF343B61771519000CE3ED37130F /* SwiftLint */ = {
			isa = PBXShellScriptBuildPhase;
			buildActionMask = 2147483647;
			files = (
			);
			inputFileListPaths = (
			);
			inputPaths = (
			);
			name = SwiftLint;
			outputFileListPaths = (
			);
			outputPaths = (
			);
			runOnlyForDeploymentPostprocessing = 0;
			shellPath = /bin/sh;
			shellScript = "if [ -x \"$(command -v swiftlint)\" ]; then\n  swiftlint\nelse\n  echo \"SwiftLint not installed, download from https://github.com/realm/SwiftLint\"\nfi\n";
		};
/* End PBXShellScriptBuildPhase section */

/* Begin PBXSourcesBuildPhase section */
		D491BD1D866AD8712C6B95B44E438D96 /* Sources */ = {
			isa = PBXSourcesBuildPhase;
			buildActionMask = 2147483647;
			files = (
				1BBB6FED29587E1141C23CD903976A37 /* Data+Extensions.swift in Sources */,
				2CF6705C37615206EBF77F35ADAB5ACC /* Encrypted.swift in Sources */,
				3D113FD803D5CE93A73D4BDCAD5F274C /* EncryptedBool.swift in Sources */,
				3060A125855544B658A820BADF845EAE /* EncryptedData.swift in Sources */,
				F997F8298F2AAF7483EC89B6149ADC51 /* EncryptedDouble.swift in Sources */,
				32915D1497374C70EFD7AF842D22D97D /* EncryptedInt.swift in Sources */,
				265414CFD4F1E1BA05954D740B80F9A0 /* EncryptedString.swift in Sources */,
				07F09A9D2A534179B42D8F929C66C934 /* Encryptor.swift in Sources */,
				F802F1DA863287AA2A97AB625C353405 /* Symmetric.swift in Sources */,
				38E89B78356C20313DD20A4410C7AABF /* ValueHolder.swift in Sources */,
			);
			runOnlyForDeploymentPostprocessing = 0;
		};
		D79B084000F174A5123C08FF4A9B0A76 /* Sources */ = {
			isa = PBXSourcesBuildPhase;
			buildActionMask = 2147483647;
			files = (
				74B657F0AD488DD78EA1A605D6589755 /* EncryptedTypesInternalTests.swift in Sources */,
				1950050FFC759BC85F5E7BDA24638662 /* EncryptedTypesTests.swift in Sources */,
			);
			runOnlyForDeploymentPostprocessing = 0;
		};
/* End PBXSourcesBuildPhase section */

/* Begin PBXTargetDependency section */
		67BA516DF205B7AC133F975D7173D872 /* PBXTargetDependency */ = {
			isa = PBXTargetDependency;
			target = 867C4C5085F5B0F25DCA9C5A49F49003 /* EncryptedTypes */;
			targetProxy = 5AF9B61B35679DC29D3AB44809C33E2D /* PBXContainerItemProxy */;
		};
/* End PBXTargetDependency section */

/* Begin XCBuildConfiguration section */
		0577470BC6F03D23CE4B8687C201543B /* Debug */ = {
			isa = XCBuildConfiguration;
			buildSettings = {
				ALWAYS_SEARCH_USER_PATHS = NO;
				CLANG_ANALYZER_NONNULL = YES;
				CLANG_ANALYZER_NUMBER_OBJECT_CONVERSION = YES_AGGRESSIVE;
				CLANG_CXX_LANGUAGE_STANDARD = "gnu++14";
				CLANG_CXX_LIBRARY = "libc++";
				CLANG_ENABLE_MODULES = YES;
				CLANG_ENABLE_OBJC_ARC = YES;
				CLANG_WARN_BLOCK_CAPTURE_AUTORELEASING = YES;
				CLANG_WARN_BOOL_CONVERSION = YES;
				CLANG_WARN_COMMA = YES;
				CLANG_WARN_CONSTANT_CONVERSION = YES;
				CLANG_WARN_DEPRECATED_OBJC_IMPLEMENTATIONS = YES;
				CLANG_WARN_DIRECT_OBJC_ISA_USAGE = YES_ERROR;
				CLANG_WARN_DOCUMENTATION_COMMENTS = YES;
				CLANG_WARN_EMPTY_BODY = YES;
				CLANG_WARN_ENUM_CONVERSION = YES;
				CLANG_WARN_INFINITE_RECURSION = YES;
				CLANG_WARN_INT_CONVERSION = YES;
				CLANG_WARN_NON_LITERAL_NULL_CONVERSION = YES;
				CLANG_WARN_OBJC_IMPLICIT_RETAIN_SELF = YES;
				CLANG_WARN_OBJC_LITERAL_CONVERSION = YES;
				CLANG_WARN_OBJC_ROOT_CLASS = YES_ERROR;
				CLANG_WARN_RANGE_LOOP_ANALYSIS = YES;
				CLANG_WARN_STRICT_PROTOTYPES = YES;
				CLANG_WARN_SUSPICIOUS_MOVE = YES;
				CLANG_WARN_UNGUARDED_AVAILABILITY = YES_AGGRESSIVE;
				CLANG_WARN_UNREACHABLE_CODE = YES;
				CLANG_WARN__DUPLICATE_METHOD_MATCH = YES;
				COPY_PHASE_STRIP = NO;
				DEBUG_INFORMATION_FORMAT = dwarf;
				ENABLE_STRICT_OBJC_MSGSEND = YES;
				ENABLE_TESTABILITY = YES;
				GCC_C_LANGUAGE_STANDARD = gnu11;
				GCC_DYNAMIC_NO_PIC = NO;
				GCC_NO_COMMON_BLOCKS = YES;
				GCC_OPTIMIZATION_LEVEL = 0;
				GCC_PREPROCESSOR_DEFINITIONS = (
					"$(inherited)",
					"DEBUG=1",
				);
				GCC_WARN_64_TO_32_BIT_CONVERSION = YES;
				GCC_WARN_ABOUT_RETURN_TYPE = YES_ERROR;
				GCC_WARN_UNDECLARED_SELECTOR = YES;
				GCC_WARN_UNINITIALIZED_AUTOS = YES_AGGRESSIVE;
				GCC_WARN_UNUSED_FUNCTION = YES;
				GCC_WARN_UNUSED_VARIABLE = YES;
				MTL_ENABLE_DEBUG_INFO = YES;
				ONLY_ACTIVE_ARCH = YES;
				PRODUCT_NAME = "$(TARGET_NAME)";
				SDKROOT = iphoneos;
				SWIFT_ACTIVE_COMPILATION_CONDITIONS = DEBUG;
				SWIFT_OPTIMIZATION_LEVEL = "-Onone";
				SWIFT_VERSION = 4.2;
			};
			name = Debug;
		};
		6AC6BFB9BD911A56C232E00B3CD04F12 /* Release */ = {
			isa = XCBuildConfiguration;
			buildSettings = {
				ALWAYS_SEARCH_USER_PATHS = NO;
				CLANG_ANALYZER_NONNULL = YES;
				CLANG_ANALYZER_NUMBER_OBJECT_CONVERSION = YES_AGGRESSIVE;
				CLANG_CXX_LANGUAGE_STANDARD = "gnu++14";
				CLANG_CXX_LIBRARY = "libc++";
				CLANG_ENABLE_MODULES = YES;
				CLANG_ENABLE_OBJC_ARC = YES;
				CLANG_WARN_BLOCK_CAPTURE_AUTORELEASING = YES;
				CLANG_WARN_BOOL_CONVERSION = YES;
				CLANG_WARN_COMMA = YES;
				CLANG_WARN_CONSTANT_CONVERSION = YES;
				CLANG_WARN_DEPRECATED_OBJC_IMPLEMENTATIONS = YES;
				CLANG_WARN_DIRECT_OBJC_ISA_USAGE = YES_ERROR;
				CLANG_WARN_DOCUMENTATION_COMMENTS = YES;
				CLANG_WARN_EMPTY_BODY = YES;
				CLANG_WARN_ENUM_CONVERSION = YES;
				CLANG_WARN_INFINITE_RECURSION = YES;
				CLANG_WARN_INT_CONVERSION = YES;
				CLANG_WARN_NON_LITERAL_NULL_CONVERSION = YES;
				CLANG_WARN_OBJC_IMPLICIT_RETAIN_SELF = YES;
				CLANG_WARN_OBJC_LITERAL_CONVERSION = YES;
				CLANG_WARN_OBJC_ROOT_CLASS = YES_ERROR;
				CLANG_WARN_RANGE_LOOP_ANALYSIS = YES;
				CLANG_WARN_STRICT_PROTOTYPES = YES;
				CLANG_WARN_SUSPICIOUS_MOVE = YES;
				CLANG_WARN_UNGUARDED_AVAILABILITY = YES_AGGRESSIVE;
				CLANG_WARN_UNREACHABLE_CODE = YES;
				CLANG_WARN__DUPLICATE_METHOD_MATCH = YES;
				COPY_PHASE_STRIP = NO;
				DEBUG_INFORMATION_FORMAT = "dwarf-with-dsym";
				ENABLE_NS_ASSERTIONS = NO;
				ENABLE_STRICT_OBJC_MSGSEND = YES;
				GCC_C_LANGUAGE_STANDARD = gnu11;
				GCC_NO_COMMON_BLOCKS = YES;
				GCC_WARN_64_TO_32_BIT_CONVERSION = YES;
				GCC_WARN_ABOUT_RETURN_TYPE = YES_ERROR;
				GCC_WARN_UNDECLARED_SELECTOR = YES;
				GCC_WARN_UNINITIALIZED_AUTOS = YES_AGGRESSIVE;
				GCC_WARN_UNUSED_FUNCTION = YES;
				GCC_WARN_UNUSED_VARIABLE = YES;
				PRODUCT_NAME = "$(TARGET_NAME)";
				SDKROOT = iphoneos;
				SWIFT_COMPILATION_MODE = wholemodule;
				SWIFT_VERSION = 4.2;
				VALIDATE_PRODUCT = YES;
			};
			name = Release;
		};
		715D4440A63A8A2EB53C9FE1725D6143 /* Release */ = {
			isa = XCBuildConfiguration;
			buildSettings = {
				CODE_SIGN_IDENTITY = "";
				CURRENT_PROJECT_VERSION = 1;
				DEFINES_MODULE = YES;
				DYLIB_COMPATIBILITY_VERSION = 1;
				DYLIB_CURRENT_VERSION = 1;
				DYLIB_INSTALL_NAME_BASE = "@rpath";
				INFOPLIST_FILE = EncryptedTypes/FrameworkItems/Info.plist;
				INSTALL_PATH = "$(LOCAL_LIBRARY_DIR)/Frameworks";
				IPHONEOS_DEPLOYMENT_TARGET = 10.0;
				LD_RUNPATH_SEARCH_PATHS = "$(inherited) @executable_path/Frameworks";
				PRODUCT_BUNDLE_IDENTIFIER = com.jltsource.EncryptedTypes;
				SDKROOT = iphoneos;
				SKIP_INSTALL = YES;
				TARGETED_DEVICE_FAMILY = "1,2";
				VERSIONING_SYSTEM = "apple-generic";
			};
			name = Release;
		};
		A1752911FE210148086A99F4AFF3D362 /* Debug */ = {
			isa = XCBuildConfiguration;
			buildSettings = {
				CODE_SIGN_IDENTITY = "";
				CURRENT_PROJECT_VERSION = 1;
				DEFINES_MODULE = YES;
				DYLIB_COMPATIBILITY_VERSION = 1;
				DYLIB_CURRENT_VERSION = 1;
				DYLIB_INSTALL_NAME_BASE = "@rpath";
				INFOPLIST_FILE = EncryptedTypes/FrameworkItems/Info.plist;
				INSTALL_PATH = "$(LOCAL_LIBRARY_DIR)/Frameworks";
				IPHONEOS_DEPLOYMENT_TARGET = 10.0;
				LD_RUNPATH_SEARCH_PATHS = "$(inherited) @executable_path/Frameworks";
				PRODUCT_BUNDLE_IDENTIFIER = com.jltsource.EncryptedTypes;
				SDKROOT = iphoneos;
				SKIP_INSTALL = YES;
				TARGETED_DEVICE_FAMILY = "1,2";
				VERSIONING_SYSTEM = "apple-generic";
			};
			name = Debug;
		};
		B688E3FDCF08135CE3562515A642E9E7 /* Debug */ = {
			isa = XCBuildConfiguration;
			buildSettings = {
				BUNDLE_LOADER = "$(TEST_HOST)";
				INFOPLIST_FILE = EncryptedTypesTests/Info.plist;
				IPHONEOS_DEPLOYMENT_TARGET = 10.0;
				LD_RUNPATH_SEARCH_PATHS = "$(inherited) @executable_path/Frameworks @loader_path/Frameworks";
				PRODUCT_BUNDLE_IDENTIFIER = com.jltsource.EncryptedTypesTests;
				SDKROOT = iphoneos;
				TARGETED_DEVICE_FAMILY = "1,2";
			};
			name = Debug;
		};
		BA101E34B5AE557FBA0C483A3A6D08FD /* Release */ = {
			isa = XCBuildConfiguration;
			buildSettings = {
				BUNDLE_LOADER = "$(TEST_HOST)";
				INFOPLIST_FILE = EncryptedTypesTests/Info.plist;
				IPHONEOS_DEPLOYMENT_TARGET = 10.0;
				LD_RUNPATH_SEARCH_PATHS = "$(inherited) @executable_path/Frameworks @loader_path/Frameworks";
				PRODUCT_BUNDLE_IDENTIFIER = com.jltsource.EncryptedTypesTests;
				SDKROOT = iphoneos;
				TARGETED_DEVICE_FAMILY = "1,2";
			};
			name = Release;
		};
/* End XCBuildConfiguration section */

/* Begin XCConfigurationList section */
		27C91E3B695EA9F9784B365F75E26233 /* Build configuration list for PBXNativeTarget "EncryptedTypesTests" */ = {
			isa = XCConfigurationList;
			buildConfigurations = (
				B688E3FDCF08135CE3562515A642E9E7 /* Debug */,
				BA101E34B5AE557FBA0C483A3A6D08FD /* Release */,
			);
			defaultConfigurationIsVisible = 0;
			defaultConfigurationName = "";
		};
		548CF64B6E4C848EE9FC1EB7BC651129 /* Build configuration list for PBXProject "EncryptedTypes" */ = {
			isa = XCConfigurationList;
			buildConfigurations = (
				0577470BC6F03D23CE4B8687C201543B /* Debug */,
				6AC6BFB9BD911A56C232E00B3CD04F12 /* Release */,
			);
			defaultConfigurationIsVisible = 0;
			defaultConfigurationName = Release;
		};
		B09FBA443DE897774BA5D5DCFC30C2F8 /* Build configuration list for PBXNativeTarget "EncryptedTypes" */ = {
			isa = XCConfigurationList;
			buildConfigurations = (
				A1752911FE210148086A99F4AFF3D362 /* Debug */,
				715D4440A63A8A2EB53C9FE1725D6143 /* Release */,
			);
			defaultConfigurationIsVisible = 0;
			defaultConfigurationName = "";
		};
/* End XCConfigurationList section */
	};
	rootObject = A2ACBCEF2D95E69E35D8806871BAC296 /* Project object */;
}
