// !$*UTF8*$!
{
	archiveVersion = 1;
	classes = {
	};
	objectVersion = 50;
	objects = {

/* Begin PBXBuildFile section */
		7B09E79722518902000F208A /* EncryptedString.swift in Sources */ = {isa = PBXBuildFile; fileRef = 7B09E79622518902000F208A /* EncryptedString.swift */; };
		7B09E7992251A6A2000F208A /* EncryptedType.swift in Sources */ = {isa = PBXBuildFile; fileRef = 7B09E7982251A6A2000F208A /* EncryptedType.swift */; };
		7B09E79B2251A865000F208A /* EncryptedInt.swift in Sources */ = {isa = PBXBuildFile; fileRef = 7B09E79A2251A865000F208A /* EncryptedInt.swift */; };
		7B09E79D2251AD98000F208A /* EncryptedDouble.swift in Sources */ = {isa = PBXBuildFile; fileRef = 7B09E79C2251AD98000F208A /* EncryptedDouble.swift */; };
		7B09E79F2251AE01000F208A /* EncryptedBool.swift in Sources */ = {isa = PBXBuildFile; fileRef = 7B09E79E2251AE01000F208A /* EncryptedBool.swift */; };
		7B09E7A122521D28000F208A /* EncryptedData.swift in Sources */ = {isa = PBXBuildFile; fileRef = 7B09E7A022521D28000F208A /* EncryptedData.swift */; };
		7B13EFE5224EF02A000F7689 /* EncryptedTypes.framework in Frameworks */ = {isa = PBXBuildFile; fileRef = 7B13EFDB224EF02A000F7689 /* EncryptedTypes.framework */; };
		7B13EFEA224EF02A000F7689 /* EncryptedTypesTests.swift in Sources */ = {isa = PBXBuildFile; fileRef = 7B13EFE9224EF02A000F7689 /* EncryptedTypesTests.swift */; };
		7B13EFEC224EF02A000F7689 /* EncryptedTypes.h in Headers */ = {isa = PBXBuildFile; fileRef = 7B13EFDE224EF02A000F7689 /* EncryptedTypes.h */; settings = {ATTRIBUTES = (Public, ); }; };
		7B13EFF6224EF083000F7689 /* Symmetric.swift in Sources */ = {isa = PBXBuildFile; fileRef = 7B13EFF5224EF083000F7689 /* Symmetric.swift */; };
		7B13EFF922503644000F7689 /* Data+Extensions.swift in Sources */ = {isa = PBXBuildFile; fileRef = 7B13EFF822503644000F7689 /* Data+Extensions.swift */; };
		7BB0FD232252DC4700DAA9B5 /* Encrypted.swift in Sources */ = {isa = PBXBuildFile; fileRef = 7BB0FD222252DC4700DAA9B5 /* Encrypted.swift */; };
		CF0FA9D6225F726A000C25D1 /* EncryptedTypesInternalTests.swift in Sources */ = {isa = PBXBuildFile; fileRef = CF0FA9D5225F726A000C25D1 /* EncryptedTypesInternalTests.swift */; };
/* End PBXBuildFile section */

/* Begin PBXContainerItemProxy section */
		7B13EFE6224EF02A000F7689 /* PBXContainerItemProxy */ = {
			isa = PBXContainerItemProxy;
			containerPortal = 7B13EFD2224EF02A000F7689 /* Project object */;
			proxyType = 1;
			remoteGlobalIDString = 7B13EFDA224EF02A000F7689;
			remoteInfo = EncryptedTypes;
		};
/* End PBXContainerItemProxy section */

/* Begin PBXFileReference section */
		7B09E79622518902000F208A /* EncryptedString.swift */ = {isa = PBXFileReference; lastKnownFileType = sourcecode.swift; path = EncryptedString.swift; sourceTree = "<group>"; };
		7B09E7982251A6A2000F208A /* EncryptedType.swift */ = {isa = PBXFileReference; lastKnownFileType = sourcecode.swift; path = EncryptedType.swift; sourceTree = "<group>"; };
		7B09E79A2251A865000F208A /* EncryptedInt.swift */ = {isa = PBXFileReference; lastKnownFileType = sourcecode.swift; path = EncryptedInt.swift; sourceTree = "<group>"; };
		7B09E79C2251AD98000F208A /* EncryptedDouble.swift */ = {isa = PBXFileReference; lastKnownFileType = sourcecode.swift; path = EncryptedDouble.swift; sourceTree = "<group>"; };
		7B09E79E2251AE01000F208A /* EncryptedBool.swift */ = {isa = PBXFileReference; lastKnownFileType = sourcecode.swift; path = EncryptedBool.swift; sourceTree = "<group>"; };
		7B09E7A022521D28000F208A /* EncryptedData.swift */ = {isa = PBXFileReference; lastKnownFileType = sourcecode.swift; path = EncryptedData.swift; sourceTree = "<group>"; };
		7B13EFDB224EF02A000F7689 /* EncryptedTypes.framework */ = {isa = PBXFileReference; explicitFileType = wrapper.framework; includeInIndex = 0; path = EncryptedTypes.framework; sourceTree = BUILT_PRODUCTS_DIR; };
		7B13EFDE224EF02A000F7689 /* EncryptedTypes.h */ = {isa = PBXFileReference; lastKnownFileType = sourcecode.c.h; path = EncryptedTypes.h; sourceTree = "<group>"; };
		7B13EFDF224EF02A000F7689 /* Info.plist */ = {isa = PBXFileReference; lastKnownFileType = text.plist.xml; path = Info.plist; sourceTree = "<group>"; };
		7B13EFE4224EF02A000F7689 /* EncryptedTypesTests.xctest */ = {isa = PBXFileReference; explicitFileType = wrapper.cfbundle; includeInIndex = 0; path = EncryptedTypesTests.xctest; sourceTree = BUILT_PRODUCTS_DIR; };
		7B13EFE9224EF02A000F7689 /* EncryptedTypesTests.swift */ = {isa = PBXFileReference; lastKnownFileType = sourcecode.swift; path = EncryptedTypesTests.swift; sourceTree = "<group>"; };
		7B13EFEB224EF02A000F7689 /* Info.plist */ = {isa = PBXFileReference; lastKnownFileType = text.plist.xml; path = Info.plist; sourceTree = "<group>"; };
		7B13EFF5224EF083000F7689 /* Symmetric.swift */ = {isa = PBXFileReference; lastKnownFileType = sourcecode.swift; path = Symmetric.swift; sourceTree = "<group>"; };
		7B13EFF822503644000F7689 /* Data+Extensions.swift */ = {isa = PBXFileReference; lastKnownFileType = sourcecode.swift; path = "Data+Extensions.swift"; sourceTree = "<group>"; };
		7BB0FD222252DC4700DAA9B5 /* Encrypted.swift */ = {isa = PBXFileReference; lastKnownFileType = sourcecode.swift; path = Encrypted.swift; sourceTree = "<group>"; };
		CF0FA9D5225F726A000C25D1 /* EncryptedTypesInternalTests.swift */ = {isa = PBXFileReference; lastKnownFileType = sourcecode.swift; path = EncryptedTypesInternalTests.swift; sourceTree = "<group>"; };
/* End PBXFileReference section */

/* Begin PBXFrameworksBuildPhase section */
		7B13EFD8224EF02A000F7689 /* Frameworks */ = {
			isa = PBXFrameworksBuildPhase;
			buildActionMask = 2147483647;
			files = (
			);
			runOnlyForDeploymentPostprocessing = 0;
		};
		7B13EFE1224EF02A000F7689 /* Frameworks */ = {
			isa = PBXFrameworksBuildPhase;
			buildActionMask = 2147483647;
			files = (
				7B13EFE5224EF02A000F7689 /* EncryptedTypes.framework in Frameworks */,
			);
			runOnlyForDeploymentPostprocessing = 0;
		};
/* End PBXFrameworksBuildPhase section */

/* Begin PBXGroup section */
		7B13EFD1224EF02A000F7689 = {
			isa = PBXGroup;
			children = (
				7B13EFDD224EF02A000F7689 /* EncryptedTypes */,
				7B13EFE8224EF02A000F7689 /* EncryptedTypesTests */,
				7B13EFDC224EF02A000F7689 /* Products */,
			);
			sourceTree = "<group>";
		};
		7B13EFDC224EF02A000F7689 /* Products */ = {
			isa = PBXGroup;
			children = (
				7B13EFDB224EF02A000F7689 /* EncryptedTypes.framework */,
				7B13EFE4224EF02A000F7689 /* EncryptedTypesTests.xctest */,
			);
			name = Products;
			sourceTree = "<group>";
		};
		7B13EFDD224EF02A000F7689 /* EncryptedTypes */ = {
			isa = PBXGroup;
			children = (
				7BB0FD222252DC4700DAA9B5 /* Encrypted.swift */,
				7B09E79E2251AE01000F208A /* EncryptedBool.swift */,
				7B09E7A022521D28000F208A /* EncryptedData.swift */,
				7B09E79C2251AD98000F208A /* EncryptedDouble.swift */,
				7B09E79A2251A865000F208A /* EncryptedInt.swift */,
				7B09E79622518902000F208A /* EncryptedString.swift */,
				7B09E7982251A6A2000F208A /* EncryptedType.swift */,
				7B13EFF5224EF083000F7689 /* Symmetric.swift */,
				7B13EFF822503644000F7689 /* Data+Extensions.swift */,
				7B13EFDE224EF02A000F7689 /* EncryptedTypes.h */,
				7B13EFDF224EF02A000F7689 /* Info.plist */,
			);
			path = EncryptedTypes;
			sourceTree = "<group>";
		};
		7B13EFE8224EF02A000F7689 /* EncryptedTypesTests */ = {
			isa = PBXGroup;
			children = (
				7B13EFE9224EF02A000F7689 /* EncryptedTypesTests.swift */,
				CF0FA9D5225F726A000C25D1 /* EncryptedTypesInternalTests.swift */,
				7B13EFEB224EF02A000F7689 /* Info.plist */,
			);
			path = EncryptedTypesTests;
			sourceTree = "<group>";
		};
/* End PBXGroup section */

/* Begin PBXHeadersBuildPhase section */
		7B13EFD6224EF02A000F7689 /* Headers */ = {
			isa = PBXHeadersBuildPhase;
			buildActionMask = 2147483647;
			files = (
				7B13EFEC224EF02A000F7689 /* EncryptedTypes.h in Headers */,
			);
			runOnlyForDeploymentPostprocessing = 0;
		};
/* End PBXHeadersBuildPhase section */

/* Begin PBXNativeTarget section */
		7B13EFDA224EF02A000F7689 /* EncryptedTypes */ = {
			isa = PBXNativeTarget;
			buildConfigurationList = 7B13EFEF224EF02A000F7689 /* Build configuration list for PBXNativeTarget "EncryptedTypes" */;
			buildPhases = (
				7B13EFD6224EF02A000F7689 /* Headers */,
				7B13EFD7224EF02A000F7689 /* Sources */,
				7B13EFD8224EF02A000F7689 /* Frameworks */,
				7B13EFD9224EF02A000F7689 /* Resources */,
				7B13EFF7224EF12E000F7689 /* ShellScript */,
			);
			buildRules = (
			);
			dependencies = (
			);
			name = EncryptedTypes;
			productName = EncryptedTypes;
			productReference = 7B13EFDB224EF02A000F7689 /* EncryptedTypes.framework */;
			productType = "com.apple.product-type.framework";
		};
		7B13EFE3224EF02A000F7689 /* EncryptedTypesTests */ = {
			isa = PBXNativeTarget;
			buildConfigurationList = 7B13EFF2224EF02A000F7689 /* Build configuration list for PBXNativeTarget "EncryptedTypesTests" */;
			buildPhases = (
				7B13EFE0224EF02A000F7689 /* Sources */,
				7B13EFE1224EF02A000F7689 /* Frameworks */,
				7B13EFE2224EF02A000F7689 /* Resources */,
			);
			buildRules = (
			);
			dependencies = (
				7B13EFE7224EF02A000F7689 /* PBXTargetDependency */,
			);
			name = EncryptedTypesTests;
			productName = EncryptedTypesTests;
			productReference = 7B13EFE4224EF02A000F7689 /* EncryptedTypesTests.xctest */;
			productType = "com.apple.product-type.bundle.unit-test";
		};
/* End PBXNativeTarget section */

/* Begin PBXProject section */
		7B13EFD2224EF02A000F7689 /* Project object */ = {
			isa = PBXProject;
			attributes = {
				LastSwiftUpdateCheck = 1020;
				LastUpgradeCheck = 1020;
				ORGANIZATIONNAME = "JLT Source";
				TargetAttributes = {
					7B13EFDA224EF02A000F7689 = {
						CreatedOnToolsVersion = 10.2;
						LastSwiftMigration = 1020;
					};
					7B13EFE3224EF02A000F7689 = {
						CreatedOnToolsVersion = 10.2;
					};
				};
			};
			buildConfigurationList = 7B13EFD5224EF02A000F7689 /* Build configuration list for PBXProject "EncryptedTypes" */;
			compatibilityVersion = "Xcode 9.3";
			developmentRegion = en;
			hasScannedForEncodings = 0;
			knownRegions = (
				en,
			);
			mainGroup = 7B13EFD1224EF02A000F7689;
			productRefGroup = 7B13EFDC224EF02A000F7689 /* Products */;
			projectDirPath = "";
			projectRoot = "";
			targets = (
				7B13EFDA224EF02A000F7689 /* EncryptedTypes */,
				7B13EFE3224EF02A000F7689 /* EncryptedTypesTests */,
			);
		};
/* End PBXProject section */

/* Begin PBXResourcesBuildPhase section */
		7B13EFD9224EF02A000F7689 /* Resources */ = {
			isa = PBXResourcesBuildPhase;
			buildActionMask = 2147483647;
			files = (
			);
			runOnlyForDeploymentPostprocessing = 0;
		};
		7B13EFE2224EF02A000F7689 /* Resources */ = {
			isa = PBXResourcesBuildPhase;
			buildActionMask = 2147483647;
			files = (
			);
			runOnlyForDeploymentPostprocessing = 0;
		};
/* End PBXResourcesBuildPhase section */

/* Begin PBXShellScriptBuildPhase section */
		7B13EFF7224EF12E000F7689 /* ShellScript */ = {
			isa = PBXShellScriptBuildPhase;
			buildActionMask = 2147483647;
			files = (
			);
			inputFileListPaths = (
			);
			inputPaths = (
			);
			outputFileListPaths = (
			);
			outputPaths = (
			);
			runOnlyForDeploymentPostprocessing = 0;
			shellPath = /bin/sh;
			shellScript = "if [ -x \"$(command -v swiftlint)\" ]; then\n  swiftlint\nelse\n  echo \"SwiftLint not installed, download from https://github.com/realm/SwiftLint\"\nfi\n";
		};
/* End PBXShellScriptBuildPhase section */

/* Begin PBXSourcesBuildPhase section */
		7B13EFD7224EF02A000F7689 /* Sources */ = {
			isa = PBXSourcesBuildPhase;
			buildActionMask = 2147483647;
			files = (
				7B09E7992251A6A2000F208A /* EncryptedType.swift in Sources */,
				7B09E79B2251A865000F208A /* EncryptedInt.swift in Sources */,
				7B13EFF6224EF083000F7689 /* Symmetric.swift in Sources */,
				7B09E79F2251AE01000F208A /* EncryptedBool.swift in Sources */,
				7B09E79722518902000F208A /* EncryptedString.swift in Sources */,
				7B13EFF922503644000F7689 /* Data+Extensions.swift in Sources */,
				7B09E7A122521D28000F208A /* EncryptedData.swift in Sources */,
				7BB0FD232252DC4700DAA9B5 /* Encrypted.swift in Sources */,
				7B09E79D2251AD98000F208A /* EncryptedDouble.swift in Sources */,
			);
			runOnlyForDeploymentPostprocessing = 0;
		};
		7B13EFE0224EF02A000F7689 /* Sources */ = {
			isa = PBXSourcesBuildPhase;
			buildActionMask = 2147483647;
			files = (
				7B13EFEA224EF02A000F7689 /* EncryptedTypesTests.swift in Sources */,
				CF0FA9D6225F726A000C25D1 /* EncryptedTypesInternalTests.swift in Sources */,
			);
			runOnlyForDeploymentPostprocessing = 0;
		};
/* End PBXSourcesBuildPhase section */

/* Begin PBXTargetDependency section */
		7B13EFE7224EF02A000F7689 /* PBXTargetDependency */ = {
			isa = PBXTargetDependency;
			target = 7B13EFDA224EF02A000F7689 /* EncryptedTypes */;
			targetProxy = 7B13EFE6224EF02A000F7689 /* PBXContainerItemProxy */;
		};
/* End PBXTargetDependency section */

/* Begin XCBuildConfiguration section */
		7B13EFED224EF02A000F7689 /* Debug */ = {
			isa = XCBuildConfiguration;
			buildSettings = {
				ALWAYS_SEARCH_USER_PATHS = NO;
				CLANG_ANALYZER_NONNULL = YES;
				CLANG_ANALYZER_NUMBER_OBJECT_CONVERSION = YES_AGGRESSIVE;
				CLANG_CXX_LANGUAGE_STANDARD = "gnu++14";
				CLANG_CXX_LIBRARY = "libc++";
				CLANG_ENABLE_MODULES = YES;
				CLANG_ENABLE_OBJC_ARC = YES;
				CLANG_ENABLE_OBJC_WEAK = YES;
				CLANG_WARN_BLOCK_CAPTURE_AUTORELEASING = YES;
				CLANG_WARN_BOOL_CONVERSION = YES;
				CLANG_WARN_COMMA = YES;
				CLANG_WARN_CONSTANT_CONVERSION = YES;
				CLANG_WARN_DEPRECATED_OBJC_IMPLEMENTATIONS = YES;
				CLANG_WARN_DIRECT_OBJC_ISA_USAGE = YES_ERROR;
				CLANG_WARN_DOCUMENTATION_COMMENTS = YES;
				CLANG_WARN_EMPTY_BODY = YES;
				CLANG_WARN_ENUM_CONVERSION = YES;
				CLANG_WARN_INFINITE_RECURSION = YES;
				CLANG_WARN_INT_CONVERSION = YES;
				CLANG_WARN_NON_LITERAL_NULL_CONVERSION = YES;
				CLANG_WARN_OBJC_IMPLICIT_RETAIN_SELF = YES;
				CLANG_WARN_OBJC_LITERAL_CONVERSION = YES;
				CLANG_WARN_OBJC_ROOT_CLASS = YES_ERROR;
				CLANG_WARN_RANGE_LOOP_ANALYSIS = YES;
				CLANG_WARN_STRICT_PROTOTYPES = YES;
				CLANG_WARN_SUSPICIOUS_MOVE = YES;
				CLANG_WARN_UNGUARDED_AVAILABILITY = YES_AGGRESSIVE;
				CLANG_WARN_UNREACHABLE_CODE = YES;
				CLANG_WARN__DUPLICATE_METHOD_MATCH = YES;
				CODE_SIGN_IDENTITY = "iPhone Developer";
				COPY_PHASE_STRIP = NO;
				CURRENT_PROJECT_VERSION = 1;
				DEBUG_INFORMATION_FORMAT = dwarf;
				ENABLE_STRICT_OBJC_MSGSEND = YES;
				ENABLE_TESTABILITY = YES;
				GCC_C_LANGUAGE_STANDARD = gnu11;
				GCC_DYNAMIC_NO_PIC = NO;
				GCC_NO_COMMON_BLOCKS = YES;
				GCC_OPTIMIZATION_LEVEL = 0;
				GCC_PREPROCESSOR_DEFINITIONS = (
					"DEBUG=1",
					"$(inherited)",
				);
				GCC_WARN_64_TO_32_BIT_CONVERSION = YES;
				GCC_WARN_ABOUT_RETURN_TYPE = YES_ERROR;
				GCC_WARN_UNDECLARED_SELECTOR = YES;
				GCC_WARN_UNINITIALIZED_AUTOS = YES_AGGRESSIVE;
				GCC_WARN_UNUSED_FUNCTION = YES;
				GCC_WARN_UNUSED_VARIABLE = YES;
				IPHONEOS_DEPLOYMENT_TARGET = 12.2;
				MTL_ENABLE_DEBUG_INFO = INCLUDE_SOURCE;
				MTL_FAST_MATH = YES;
				ONLY_ACTIVE_ARCH = YES;
				SDKROOT = iphoneos;
				SWIFT_ACTIVE_COMPILATION_CONDITIONS = DEBUG;
				SWIFT_OPTIMIZATION_LEVEL = "-Onone";
				VERSIONING_SYSTEM = "apple-generic";
				VERSION_INFO_PREFIX = "";
			};
			name = Debug;
		};
		7B13EFEE224EF02A000F7689 /* Release */ = {
			isa = XCBuildConfiguration;
			buildSettings = {
				ALWAYS_SEARCH_USER_PATHS = NO;
				CLANG_ANALYZER_NONNULL = YES;
				CLANG_ANALYZER_NUMBER_OBJECT_CONVERSION = YES_AGGRESSIVE;
				CLANG_CXX_LANGUAGE_STANDARD = "gnu++14";
				CLANG_CXX_LIBRARY = "libc++";
				CLANG_ENABLE_MODULES = YES;
				CLANG_ENABLE_OBJC_ARC = YES;
				CLANG_ENABLE_OBJC_WEAK = YES;
				CLANG_WARN_BLOCK_CAPTURE_AUTORELEASING = YES;
				CLANG_WARN_BOOL_CONVERSION = YES;
				CLANG_WARN_COMMA = YES;
				CLANG_WARN_CONSTANT_CONVERSION = YES;
				CLANG_WARN_DEPRECATED_OBJC_IMPLEMENTATIONS = YES;
				CLANG_WARN_DIRECT_OBJC_ISA_USAGE = YES_ERROR;
				CLANG_WARN_DOCUMENTATION_COMMENTS = YES;
				CLANG_WARN_EMPTY_BODY = YES;
				CLANG_WARN_ENUM_CONVERSION = YES;
				CLANG_WARN_INFINITE_RECURSION = YES;
				CLANG_WARN_INT_CONVERSION = YES;
				CLANG_WARN_NON_LITERAL_NULL_CONVERSION = YES;
				CLANG_WARN_OBJC_IMPLICIT_RETAIN_SELF = YES;
				CLANG_WARN_OBJC_LITERAL_CONVERSION = YES;
				CLANG_WARN_OBJC_ROOT_CLASS = YES_ERROR;
				CLANG_WARN_RANGE_LOOP_ANALYSIS = YES;
				CLANG_WARN_STRICT_PROTOTYPES = YES;
				CLANG_WARN_SUSPICIOUS_MOVE = YES;
				CLANG_WARN_UNGUARDED_AVAILABILITY = YES_AGGRESSIVE;
				CLANG_WARN_UNREACHABLE_CODE = YES;
				CLANG_WARN__DUPLICATE_METHOD_MATCH = YES;
				CODE_SIGN_IDENTITY = "iPhone Developer";
				COPY_PHASE_STRIP = NO;
				CURRENT_PROJECT_VERSION = 1;
				DEBUG_INFORMATION_FORMAT = "dwarf-with-dsym";
				ENABLE_NS_ASSERTIONS = NO;
				ENABLE_STRICT_OBJC_MSGSEND = YES;
				GCC_C_LANGUAGE_STANDARD = gnu11;
				GCC_NO_COMMON_BLOCKS = YES;
				GCC_WARN_64_TO_32_BIT_CONVERSION = YES;
				GCC_WARN_ABOUT_RETURN_TYPE = YES_ERROR;
				GCC_WARN_UNDECLARED_SELECTOR = YES;
				GCC_WARN_UNINITIALIZED_AUTOS = YES_AGGRESSIVE;
				GCC_WARN_UNUSED_FUNCTION = YES;
				GCC_WARN_UNUSED_VARIABLE = YES;
				IPHONEOS_DEPLOYMENT_TARGET = 12.2;
				MTL_ENABLE_DEBUG_INFO = NO;
				MTL_FAST_MATH = YES;
				SDKROOT = iphoneos;
				SWIFT_COMPILATION_MODE = wholemodule;
				SWIFT_OPTIMIZATION_LEVEL = "-O";
				VALIDATE_PRODUCT = YES;
				VERSIONING_SYSTEM = "apple-generic";
				VERSION_INFO_PREFIX = "";
			};
			name = Release;
		};
		7B13EFF0224EF02A000F7689 /* Debug */ = {
			isa = XCBuildConfiguration;
			buildSettings = {
				CLANG_ENABLE_MODULES = YES;
				CODE_SIGN_IDENTITY = "";
				CODE_SIGN_STYLE = Automatic;
				DEFINES_MODULE = YES;
				DEVELOPMENT_TEAM = 7KZ9WRXA6T;
				DYLIB_COMPATIBILITY_VERSION = 1;
				DYLIB_CURRENT_VERSION = 1;
				DYLIB_INSTALL_NAME_BASE = "@rpath";
				INFOPLIST_FILE = EncryptedTypes/Info.plist;
				INSTALL_PATH = "$(LOCAL_LIBRARY_DIR)/Frameworks";
				IPHONEOS_DEPLOYMENT_TARGET = 10.0;
				LD_RUNPATH_SEARCH_PATHS = (
					"$(inherited)",
					"@executable_path/Frameworks",
					"@loader_path/Frameworks",
				);
				PRODUCT_BUNDLE_IDENTIFIER = com.jltsource.EncryptedTypes;
				PRODUCT_NAME = "$(TARGET_NAME:c99extidentifier)";
				SKIP_INSTALL = YES;
				SWIFT_OPTIMIZATION_LEVEL = "-Onone";
				SWIFT_VERSION = 4.2;
				TARGETED_DEVICE_FAMILY = "1,2";
			};
			name = Debug;
		};
		7B13EFF1224EF02A000F7689 /* Release */ = {
			isa = XCBuildConfiguration;
			buildSettings = {
				CLANG_ENABLE_MODULES = YES;
				CODE_SIGN_IDENTITY = "";
				CODE_SIGN_STYLE = Automatic;
				DEFINES_MODULE = YES;
				DEVELOPMENT_TEAM = 7KZ9WRXA6T;
				DYLIB_COMPATIBILITY_VERSION = 1;
				DYLIB_CURRENT_VERSION = 1;
				DYLIB_INSTALL_NAME_BASE = "@rpath";
				INFOPLIST_FILE = EncryptedTypes/Info.plist;
				INSTALL_PATH = "$(LOCAL_LIBRARY_DIR)/Frameworks";
				IPHONEOS_DEPLOYMENT_TARGET = 10.0;
				LD_RUNPATH_SEARCH_PATHS = (
					"$(inherited)",
					"@executable_path/Frameworks",
					"@loader_path/Frameworks",
				);
				PRODUCT_BUNDLE_IDENTIFIER = com.jltsource.EncryptedTypes;
				PRODUCT_NAME = "$(TARGET_NAME:c99extidentifier)";
				SKIP_INSTALL = YES;
				SWIFT_VERSION = 4.2;
				TARGETED_DEVICE_FAMILY = "1,2";
			};
			name = Release;
		};
		7B13EFF3224EF02A000F7689 /* Debug */ = {
			isa = XCBuildConfiguration;
			buildSettings = {
				ALWAYS_EMBED_SWIFT_STANDARD_LIBRARIES = YES;
				CODE_SIGN_STYLE = Automatic;
				DEVELOPMENT_TEAM = 7KZ9WRXA6T;
				INFOPLIST_FILE = EncryptedTypesTests/Info.plist;
				LD_RUNPATH_SEARCH_PATHS = (
					"$(inherited)",
					"@executable_path/Frameworks",
					"@loader_path/Frameworks",
				);
				PRODUCT_BUNDLE_IDENTIFIER = com.jltsource.EncryptedTypesTests;
				PRODUCT_NAME = "$(TARGET_NAME)";
				SWIFT_VERSION = 4.2;
				TARGETED_DEVICE_FAMILY = "1,2";
			};
			name = Debug;
		};
		7B13EFF4224EF02A000F7689 /* Release */ = {
			isa = XCBuildConfiguration;
			buildSettings = {
				ALWAYS_EMBED_SWIFT_STANDARD_LIBRARIES = YES;
				CODE_SIGN_STYLE = Automatic;
				DEVELOPMENT_TEAM = 7KZ9WRXA6T;
				INFOPLIST_FILE = EncryptedTypesTests/Info.plist;
				LD_RUNPATH_SEARCH_PATHS = (
					"$(inherited)",
					"@executable_path/Frameworks",
					"@loader_path/Frameworks",
				);
				PRODUCT_BUNDLE_IDENTIFIER = com.jltsource.EncryptedTypesTests;
				PRODUCT_NAME = "$(TARGET_NAME)";
				SWIFT_VERSION = 4.2;
				TARGETED_DEVICE_FAMILY = "1,2";
			};
			name = Release;
		};
/* End XCBuildConfiguration section */

/* Begin XCConfigurationList section */
		7B13EFD5224EF02A000F7689 /* Build configuration list for PBXProject "EncryptedTypes" */ = {
			isa = XCConfigurationList;
			buildConfigurations = (
				7B13EFED224EF02A000F7689 /* Debug */,
				7B13EFEE224EF02A000F7689 /* Release */,
			);
			defaultConfigurationIsVisible = 0;
			defaultConfigurationName = Release;
		};
		7B13EFEF224EF02A000F7689 /* Build configuration list for PBXNativeTarget "EncryptedTypes" */ = {
			isa = XCConfigurationList;
			buildConfigurations = (
				7B13EFF0224EF02A000F7689 /* Debug */,
				7B13EFF1224EF02A000F7689 /* Release */,
			);
			defaultConfigurationIsVisible = 0;
			defaultConfigurationName = Release;
		};
		7B13EFF2224EF02A000F7689 /* Build configuration list for PBXNativeTarget "EncryptedTypesTests" */ = {
			isa = XCConfigurationList;
			buildConfigurations = (
				7B13EFF3224EF02A000F7689 /* Debug */,
				7B13EFF4224EF02A000F7689 /* Release */,
			);
			defaultConfigurationIsVisible = 0;
			defaultConfigurationName = Release;
		};
/* End XCConfigurationList section */
	};
	rootObject = 7B13EFD2224EF02A000F7689 /* Project object */;
}
